
Microsoft Visual Studio Solution File, Format Version 12.00
# Visual Studio Version 17
VisualStudioVersion = 17.9.34728.123
MinimumVisualStudioVersion = 10.0.40219.1
Project("{FAE04EC0-301F-11D3-BF4B-00C04F79EFBC}") = "Talana", "Talana\Talana.csproj", "{1439CAAF-4C70-4223-8FDC-E862BCA41C37}"
EndProject
Global
	GlobalSection(SolutionConfigurationPlatforms) = preSolution
		Debug|Any CPU = Debug|Any CPU
		Release|Any CPU = Release|Any CPU
	EndGlobalSection
	GlobalSection(ProjectConfigurationPlatforms) = postSolution
		{1439CAAF-4C70-4223-8FDC-E862BCA41C37}.Debug|Any CPU.ActiveCfg = Debug|Any CPU
		{1439CAAF-4C70-4223-8FDC-E862BCA41C37}.Debug|Any CPU.Build.0 = Debug|Any CPU
		{1439CAAF-4C70-4223-8FDC-E862BCA41C37}.Release|Any CPU.ActiveCfg = Release|Any CPU
		{1439CAAF-4C70-4223-8FDC-E862BCA41C37}.Release|Any CPU.Build.0 = Release|Any CPU
	EndGlobalSection
	GlobalSection(SolutionProperties) = preSolution
		HideSolutionNode = FALSE
	EndGlobalSection
	GlobalSection(ExtensibilityGlobals) = postSolution
		SolutionGuid = {F8512C9B-4172-4236-8A63-83CD26E4A997}
	EndGlobalSection
EndGlobal
